{
  "name": "start-hf",
  "version": "1.0.0",
  "lockfileVersion": 3,
  "requires": true,
  "packages": {
    "": {
      "name": "start-hf",
      "version": "1.0.0",
      "license": "ISC",
      "dependencies": {
        "@huggingface/inference": "^2.7.0",
        "dotenv": "^16.4.5"
      }
    },
    "node_modules/@huggingface/inference": {
      "version": "2.7.0",
      "resolved": "https://registry.npmjs.org/@huggingface/inference/-/inference-2.7.0.tgz",
      "integrity": "sha512-u7Fn637Q3f7nUB1tajM4CgzhvoFQkOQr5W5Fm+2wT9ETgGoLBh25BLlYPTJRjAd2WY01s71v0lqAwNvHHCc3mg==",
      "license": "MIT",
      "dependencies": {
        "@huggingface/tasks": "^0.10.0"
      },
      "engines": {
        "node": ">=18"
      }
    },
    "node_modules/@huggingface/tasks": {
      "version": "0.10.12",
      "resolved": "https://registry.npmjs.org/@huggingface/tasks/-/tasks-0.10.12.tgz",
      "integrity": "sha512-bpW2+ey2SBoEzSvn0eTmE+loLM3/B0Nw2BQQt0xWfafkNrR8xd8Hhc+aH8KdBsWko5YSSUSxb5vS1VenQ6q+/w==",
      "license": "MIT"
    },
    "node_modules/dotenv": {
      "version": "16.4.5",
      "resolved": "https://registry.npmjs.org/dotenv/-/dotenv-16.4.5.tgz",
      "integrity": "sha512-ZmdL2rui+eB2YwhsWzjInR8LldtZHGDoQ1ugH85ppHKwpUHL7j7rN0Ti9NCnGiQbhaZ11FpR+7ao1dNsmduNUg==",
      "license": "BSD-2-Clause",
      "engines": {
        "node": ">=12"
      },
      "funding": {
        "url": "https://dotenvx.com"
      }
    }
  }
}
